
Microsoft Visual Studio Solution File, Format Version 12.00
# Visual Studio Version 16
VisualStudioVersion = 16.0.30413.136
MinimumVisualStudioVersion = 10.0.40219.1
Project("{8BC9CEB8-8B4A-11D0-8D11-00A0C91BC942}") = "exercise", "exercise\exercise.vcxproj", "{B139F9DB-3FCD-4834-94C3-B07CA75D5296}"
EndProject
Project("{8BC9CEB8-8B4A-11D0-8D11-00A0C91BC942}") = "prj", "prj\prj.vcxproj", "{72F9D9CA-D65D-4CBC-AEA3-9AF16E933102}"
EndProject
Project("{8BC9CEB8-8B4A-11D0-8D11-00A0C91BC942}") = "comment", "comment\comment.vcxproj", "{C70F33B6-14C9-4177-B3C7-E7A347862CE5}"
EndProject
Global
	GlobalSection(SolutionConfigurationPlatforms) = preSolution
		Debug|x64 = Debug|x64
		Debug|x86 = Debug|x86
		Release|x64 = Release|x64
		Release|x86 = Release|x86
	EndGlobalSection
	GlobalSection(ProjectConfigurationPlatforms) = postSolution
		{B139F9DB-3FCD-4834-94C3-B07CA75D5296}.Debug|x64.ActiveCfg = Debug|x64
		{B139F9DB-3FCD-4834-94C3-B07CA75D5296}.Debug|x64.Build.0 = Debug|x64
		{B139F9DB-3FCD-4834-94C3-B07CA75D5296}.Debug|x86.ActiveCfg = Debug|Win32
		{B139F9DB-3FCD-4834-94C3-B07CA75D5296}.Debug|x86.Build.0 = Debug|Win32
		{B139F9DB-3FCD-4834-94C3-B07CA75D5296}.Release|x64.ActiveCfg = Release|x64
		{B139F9DB-3FCD-4834-94C3-B07CA75D5296}.Release|x64.Build.0 = Release|x64
		{B139F9DB-3FCD-4834-94C3-B07CA75D5296}.Release|x86.ActiveCfg = Release|Win32
		{B139F9DB-3FCD-4834-94C3-B07CA75D5296}.Release|x86.Build.0 = Release|Win32
		{72F9D9CA-D65D-4CBC-AEA3-9AF16E933102}.Debug|x64.ActiveCfg = Debug|x64
		{72F9D9CA-D65D-4CBC-AEA3-9AF16E933102}.Debug|x64.Build.0 = Debug|x64
		{72F9D9CA-D65D-4CBC-AEA3-9AF16E933102}.Debug|x86.ActiveCfg = Debug|Win32
		{72F9D9CA-D65D-4CBC-AEA3-9AF16E933102}.Debug|x86.Build.0 = Debug|Win32
		{72F9D9CA-D65D-4CBC-AEA3-9AF16E933102}.Release|x64.ActiveCfg = Release|x64
		{72F9D9CA-D65D-4CBC-AEA3-9AF16E933102}.Release|x64.Build.0 = Release|x64
		{72F9D9CA-D65D-4CBC-AEA3-9AF16E933102}.Release|x86.ActiveCfg = Release|Win32
		{72F9D9CA-D65D-4CBC-AEA3-9AF16E933102}.Release|x86.Build.0 = Release|Win32
		{C70F33B6-14C9-4177-B3C7-E7A347862CE5}.Debug|x64.ActiveCfg = Debug|x64
		{C70F33B6-14C9-4177-B3C7-E7A347862CE5}.Debug|x64.Build.0 = Debug|x64
		{C70F33B6-14C9-4177-B3C7-E7A347862CE5}.Debug|x86.ActiveCfg = Debug|Win32
		{C70F33B6-14C9-4177-B3C7-E7A347862CE5}.Debug|x86.Build.0 = Debug|Win32
		{C70F33B6-14C9-4177-B3C7-E7A347862CE5}.Release|x64.ActiveCfg = Release|x64
		{C70F33B6-14C9-4177-B3C7-E7A347862CE5}.Release|x64.Build.0 = Release|x64
		{C70F33B6-14C9-4177-B3C7-E7A347862CE5}.Release|x86.ActiveCfg = Release|Win32
		{C70F33B6-14C9-4177-B3C7-E7A347862CE5}.Release|x86.Build.0 = Release|Win32
	EndGlobalSection
	GlobalSection(SolutionProperties) = preSolution
		HideSolutionNode = FALSE
	EndGlobalSection
	GlobalSection(ExtensibilityGlobals) = postSolution
		SolutionGuid = {59CDEDEC-89F9-4887-8113-1858048911DB}
	EndGlobalSection
EndGlobal
