
Microsoft Visual Studio Solution File, Format Version 12.00
# Visual Studio Version 16
VisualStudioVersion = 16.0.30413.136
MinimumVisualStudioVersion = 10.0.40219.1
Project("{8BC9CEB8-8B4A-11D0-8D11-00A0C91BC942}") = "exercise", "exercise\exercise.vcxproj", "{C6CB4555-2898-4DEB-A3DC-4837B2DC76DE}"
EndProject
Project("{8BC9CEB8-8B4A-11D0-8D11-00A0C91BC942}") = "comment", "comment\comment.vcxproj", "{92493F40-759D-4E5A-82AB-A19780C52AC4}"
EndProject
Global
	GlobalSection(SolutionConfigurationPlatforms) = preSolution
		Debug|x64 = Debug|x64
		Debug|x86 = Debug|x86
		Release|x64 = Release|x64
		Release|x86 = Release|x86
	EndGlobalSection
	GlobalSection(ProjectConfigurationPlatforms) = postSolution
		{C6CB4555-2898-4DEB-A3DC-4837B2DC76DE}.Debug|x64.ActiveCfg = Debug|x64
		{C6CB4555-2898-4DEB-A3DC-4837B2DC76DE}.Debug|x64.Build.0 = Debug|x64
		{C6CB4555-2898-4DEB-A3DC-4837B2DC76DE}.Debug|x86.ActiveCfg = Debug|Win32
		{C6CB4555-2898-4DEB-A3DC-4837B2DC76DE}.Debug|x86.Build.0 = Debug|Win32
		{C6CB4555-2898-4DEB-A3DC-4837B2DC76DE}.Release|x64.ActiveCfg = Release|x64
		{C6CB4555-2898-4DEB-A3DC-4837B2DC76DE}.Release|x64.Build.0 = Release|x64
		{C6CB4555-2898-4DEB-A3DC-4837B2DC76DE}.Release|x86.ActiveCfg = Release|Win32
		{C6CB4555-2898-4DEB-A3DC-4837B2DC76DE}.Release|x86.Build.0 = Release|Win32
		{92493F40-759D-4E5A-82AB-A19780C52AC4}.Debug|x64.ActiveCfg = Debug|x64
		{92493F40-759D-4E5A-82AB-A19780C52AC4}.Debug|x64.Build.0 = Debug|x64
		{92493F40-759D-4E5A-82AB-A19780C52AC4}.Debug|x86.ActiveCfg = Debug|Win32
		{92493F40-759D-4E5A-82AB-A19780C52AC4}.Debug|x86.Build.0 = Debug|Win32
		{92493F40-759D-4E5A-82AB-A19780C52AC4}.Release|x64.ActiveCfg = Release|x64
		{92493F40-759D-4E5A-82AB-A19780C52AC4}.Release|x64.Build.0 = Release|x64
		{92493F40-759D-4E5A-82AB-A19780C52AC4}.Release|x86.ActiveCfg = Release|Win32
		{92493F40-759D-4E5A-82AB-A19780C52AC4}.Release|x86.Build.0 = Release|Win32
	EndGlobalSection
	GlobalSection(SolutionProperties) = preSolution
		HideSolutionNode = FALSE
	EndGlobalSection
	GlobalSection(ExtensibilityGlobals) = postSolution
		SolutionGuid = {7BC1AA57-A5E0-4AA5-BBE2-43F4C673EB3B}
	EndGlobalSection
EndGlobal
