
Microsoft Visual Studio Solution File, Format Version 12.00
# Visual Studio Version 16
VisualStudioVersion = 16.0.30413.136
MinimumVisualStudioVersion = 10.0.40219.1
Project("{8BC9CEB8-8B4A-11D0-8D11-00A0C91BC942}") = "0426", "Project1\Project1.vcxproj", "{D9D0893D-3AC5-44C5-82BC-0DFF3CAA0255}"
EndProject
Project("{8BC9CEB8-8B4A-11D0-8D11-00A0C91BC942}") = "0428", "0428\0428.vcxproj", "{28148E02-3D53-4B5B-8C85-451B6582C47F}"
EndProject
Project("{8BC9CEB8-8B4A-11D0-8D11-00A0C91BC942}") = "0503", "0503\0503.vcxproj", "{F058DB54-C1F3-414D-84C6-48312F3F6C88}"
EndProject
Project("{8BC9CEB8-8B4A-11D0-8D11-00A0C91BC942}") = "0512", "0512\0512.vcxproj", "{F9A3A55F-503C-405A-8DD8-429A165A4326}"
EndProject
Project("{8BC9CEB8-8B4A-11D0-8D11-00A0C91BC942}") = "0517", "0517\0517.vcxproj", "{1B40A831-3E19-4376-B578-CAE1F36F0480}"
EndProject
Project("{8BC9CEB8-8B4A-11D0-8D11-00A0C91BC942}") = "0519", "0519\0519.vcxproj", "{0E77F29B-F985-4D8B-87D4-73AFEECA49D6}"
EndProject
Project("{8BC9CEB8-8B4A-11D0-8D11-00A0C91BC942}") = "0524", "0524\0524.vcxproj", "{996648FD-B1E8-406F-B48F-09092286D7DA}"
EndProject
Project("{8BC9CEB8-8B4A-11D0-8D11-00A0C91BC942}") = "0526", "0526\0526.vcxproj", "{C35ACF23-2652-463C-9F39-0ABF21A51D12}"
EndProject
Global
	GlobalSection(SolutionConfigurationPlatforms) = preSolution
		Debug|x64 = Debug|x64
		Debug|x86 = Debug|x86
		Release|x64 = Release|x64
		Release|x86 = Release|x86
	EndGlobalSection
	GlobalSection(ProjectConfigurationPlatforms) = postSolution
		{D9D0893D-3AC5-44C5-82BC-0DFF3CAA0255}.Debug|x64.ActiveCfg = Debug|x64
		{D9D0893D-3AC5-44C5-82BC-0DFF3CAA0255}.Debug|x64.Build.0 = Debug|x64
		{D9D0893D-3AC5-44C5-82BC-0DFF3CAA0255}.Debug|x86.ActiveCfg = Debug|Win32
		{D9D0893D-3AC5-44C5-82BC-0DFF3CAA0255}.Debug|x86.Build.0 = Debug|Win32
		{D9D0893D-3AC5-44C5-82BC-0DFF3CAA0255}.Release|x64.ActiveCfg = Release|x64
		{D9D0893D-3AC5-44C5-82BC-0DFF3CAA0255}.Release|x64.Build.0 = Release|x64
		{D9D0893D-3AC5-44C5-82BC-0DFF3CAA0255}.Release|x86.ActiveCfg = Release|Win32
		{D9D0893D-3AC5-44C5-82BC-0DFF3CAA0255}.Release|x86.Build.0 = Release|Win32
		{28148E02-3D53-4B5B-8C85-451B6582C47F}.Debug|x64.ActiveCfg = Debug|x64
		{28148E02-3D53-4B5B-8C85-451B6582C47F}.Debug|x64.Build.0 = Debug|x64
		{28148E02-3D53-4B5B-8C85-451B6582C47F}.Debug|x86.ActiveCfg = Debug|Win32
		{28148E02-3D53-4B5B-8C85-451B6582C47F}.Debug|x86.Build.0 = Debug|Win32
		{28148E02-3D53-4B5B-8C85-451B6582C47F}.Release|x64.ActiveCfg = Release|x64
		{28148E02-3D53-4B5B-8C85-451B6582C47F}.Release|x64.Build.0 = Release|x64
		{28148E02-3D53-4B5B-8C85-451B6582C47F}.Release|x86.ActiveCfg = Release|Win32
		{28148E02-3D53-4B5B-8C85-451B6582C47F}.Release|x86.Build.0 = Release|Win32
		{F058DB54-C1F3-414D-84C6-48312F3F6C88}.Debug|x64.ActiveCfg = Debug|x64
		{F058DB54-C1F3-414D-84C6-48312F3F6C88}.Debug|x64.Build.0 = Debug|x64
		{F058DB54-C1F3-414D-84C6-48312F3F6C88}.Debug|x86.ActiveCfg = Debug|Win32
		{F058DB54-C1F3-414D-84C6-48312F3F6C88}.Debug|x86.Build.0 = Debug|Win32
		{F058DB54-C1F3-414D-84C6-48312F3F6C88}.Release|x64.ActiveCfg = Release|x64
		{F058DB54-C1F3-414D-84C6-48312F3F6C88}.Release|x64.Build.0 = Release|x64
		{F058DB54-C1F3-414D-84C6-48312F3F6C88}.Release|x86.ActiveCfg = Release|Win32
		{F058DB54-C1F3-414D-84C6-48312F3F6C88}.Release|x86.Build.0 = Release|Win32
		{F9A3A55F-503C-405A-8DD8-429A165A4326}.Debug|x64.ActiveCfg = Debug|x64
		{F9A3A55F-503C-405A-8DD8-429A165A4326}.Debug|x64.Build.0 = Debug|x64
		{F9A3A55F-503C-405A-8DD8-429A165A4326}.Debug|x86.ActiveCfg = Debug|Win32
		{F9A3A55F-503C-405A-8DD8-429A165A4326}.Debug|x86.Build.0 = Debug|Win32
		{F9A3A55F-503C-405A-8DD8-429A165A4326}.Release|x64.ActiveCfg = Release|x64
		{F9A3A55F-503C-405A-8DD8-429A165A4326}.Release|x64.Build.0 = Release|x64
		{F9A3A55F-503C-405A-8DD8-429A165A4326}.Release|x86.ActiveCfg = Release|Win32
		{F9A3A55F-503C-405A-8DD8-429A165A4326}.Release|x86.Build.0 = Release|Win32
		{1B40A831-3E19-4376-B578-CAE1F36F0480}.Debug|x64.ActiveCfg = Debug|x64
		{1B40A831-3E19-4376-B578-CAE1F36F0480}.Debug|x64.Build.0 = Debug|x64
		{1B40A831-3E19-4376-B578-CAE1F36F0480}.Debug|x86.ActiveCfg = Debug|Win32
		{1B40A831-3E19-4376-B578-CAE1F36F0480}.Debug|x86.Build.0 = Debug|Win32
		{1B40A831-3E19-4376-B578-CAE1F36F0480}.Release|x64.ActiveCfg = Release|x64
		{1B40A831-3E19-4376-B578-CAE1F36F0480}.Release|x64.Build.0 = Release|x64
		{1B40A831-3E19-4376-B578-CAE1F36F0480}.Release|x86.ActiveCfg = Release|Win32
		{1B40A831-3E19-4376-B578-CAE1F36F0480}.Release|x86.Build.0 = Release|Win32
		{0E77F29B-F985-4D8B-87D4-73AFEECA49D6}.Debug|x64.ActiveCfg = Debug|x64
		{0E77F29B-F985-4D8B-87D4-73AFEECA49D6}.Debug|x64.Build.0 = Debug|x64
		{0E77F29B-F985-4D8B-87D4-73AFEECA49D6}.Debug|x86.ActiveCfg = Debug|Win32
		{0E77F29B-F985-4D8B-87D4-73AFEECA49D6}.Debug|x86.Build.0 = Debug|Win32
		{0E77F29B-F985-4D8B-87D4-73AFEECA49D6}.Release|x64.ActiveCfg = Release|x64
		{0E77F29B-F985-4D8B-87D4-73AFEECA49D6}.Release|x64.Build.0 = Release|x64
		{0E77F29B-F985-4D8B-87D4-73AFEECA49D6}.Release|x86.ActiveCfg = Release|Win32
		{0E77F29B-F985-4D8B-87D4-73AFEECA49D6}.Release|x86.Build.0 = Release|Win32
		{996648FD-B1E8-406F-B48F-09092286D7DA}.Debug|x64.ActiveCfg = Debug|x64
		{996648FD-B1E8-406F-B48F-09092286D7DA}.Debug|x64.Build.0 = Debug|x64
		{996648FD-B1E8-406F-B48F-09092286D7DA}.Debug|x86.ActiveCfg = Debug|Win32
		{996648FD-B1E8-406F-B48F-09092286D7DA}.Debug|x86.Build.0 = Debug|Win32
		{996648FD-B1E8-406F-B48F-09092286D7DA}.Release|x64.ActiveCfg = Release|x64
		{996648FD-B1E8-406F-B48F-09092286D7DA}.Release|x64.Build.0 = Release|x64
		{996648FD-B1E8-406F-B48F-09092286D7DA}.Release|x86.ActiveCfg = Release|Win32
		{996648FD-B1E8-406F-B48F-09092286D7DA}.Release|x86.Build.0 = Release|Win32
		{C35ACF23-2652-463C-9F39-0ABF21A51D12}.Debug|x64.ActiveCfg = Debug|x64
		{C35ACF23-2652-463C-9F39-0ABF21A51D12}.Debug|x64.Build.0 = Debug|x64
		{C35ACF23-2652-463C-9F39-0ABF21A51D12}.Debug|x86.ActiveCfg = Debug|Win32
		{C35ACF23-2652-463C-9F39-0ABF21A51D12}.Debug|x86.Build.0 = Debug|Win32
		{C35ACF23-2652-463C-9F39-0ABF21A51D12}.Release|x64.ActiveCfg = Release|x64
		{C35ACF23-2652-463C-9F39-0ABF21A51D12}.Release|x64.Build.0 = Release|x64
		{C35ACF23-2652-463C-9F39-0ABF21A51D12}.Release|x86.ActiveCfg = Release|Win32
		{C35ACF23-2652-463C-9F39-0ABF21A51D12}.Release|x86.Build.0 = Release|Win32
	EndGlobalSection
	GlobalSection(SolutionProperties) = preSolution
		HideSolutionNode = FALSE
	EndGlobalSection
	GlobalSection(ExtensibilityGlobals) = postSolution
		SolutionGuid = {E158D55B-C639-428F-A867-CF08C27DCA4D}
	EndGlobalSection
EndGlobal
